# This file is automatically @generated by Cargo.
# It is not intended for manual editing.
version = 3

[[package]]
name = "basic_mathematical_operations"
version = "0.1.0"

[[package]]
name = "codewars_rust"
version = "0.1.0"

[[package]]
name = "count_sheep"
version = "0.1.0"

[[package]]
name = "fake_binary"
version = "0.1.0"

[[package]]
name = "opposites_attract"
version = "0.1.0"

[[package]]
name = "reduce_but_grow"
version = "0.1.0"

[[package]]
name = "reversed_sequence"
version = "0.1.0"

[[package]]
name = "the_feast_of_many_beasts"
version = "0.1.0"

[[package]]
name = "will_you_make_it"
version = "0.1.0"
